
Microsoft Visual Studio Solution File, Format Version 12.00
# Visual Studio Version 16
VisualStudioVersion = 16.0.32002.261
MinimumVisualStudioVersion = 10.0.40219.1
Project("{FAE04EC0-301F-11D3-BF4B-00C04F79EFBC}") = "TestMessage", "TestMessage\TestMessage.csproj", "{8AE0246B-A5BE-4E52-8AA9-BAF085B677E8}"
EndProject
Project("{D954291E-2A0B-460D-934E-DC6B0785DB48}") = "sMessage", "sMessage\sMessage.shproj", "{DC3EF2BD-4CF3-4B80-BF6E-D1190E15E3E1}"
EndProject
Project("{FAE04EC0-301F-11D3-BF4B-00C04F79EFBC}") = "TestMapControl", "TestMapControl\TestMapControl.csproj", "{1C0404BF-63BB-4D91-A1C7-C0943BC17C47}"
EndProject
Project("{FAE04EC0-301F-11D3-BF4B-00C04F79EFBC}") = "TestDelegate", "TestDelegate\TestDelegate.csproj", "{06709B97-24DC-42D7-A7C9-3B73FB8D3636}"
EndProject
Project("{D954291E-2A0B-460D-934E-DC6B0785DB48}") = "sControls", "sControls\sControls.shproj", "{A048563D-2F03-45BF-AE2C-8DE63237D2B3}"
EndProject
Project("{2150E333-8FDC-42A3-9474-1A3956D46DE8}") = "테스트 프로젝트", "테스트 프로젝트", "{CC918628-F224-4EA8-B481-CED5361F4AE6}"
EndProject
Project("{2150E333-8FDC-42A3-9474-1A3956D46DE8}") = "공유 프로젝트", "공유 프로젝트", "{D9B466EA-6DAF-45DC-828A-8F4A8190495C}"
EndProject
Project("{2150E333-8FDC-42A3-9474-1A3956D46DE8}") = "통신 테스트", "통신 테스트", "{95D9D516-1823-4DFE-BC31-3D31F1BA59D7}"
EndProject
Project("{2150E333-8FDC-42A3-9474-1A3956D46DE8}") = "namedPipe", "namedPipe", "{9DDB2404-BC1C-4684-8CE7-85A1EBE06498}"
EndProject
Project("{2150E333-8FDC-42A3-9474-1A3956D46DE8}") = "socket", "socket", "{18F7BFB5-0E2F-4511-88CE-D5E4F8168D00}"
EndProject
Project("{FAE04EC0-301F-11D3-BF4B-00C04F79EFBC}") = "TestNamedPipeClient", "TestNamedPipeClient\TestNamedPipeClient.csproj", "{EE5383C0-C31F-4857-9D9A-B5ECAB9ABDC6}"
EndProject
Project("{FAE04EC0-301F-11D3-BF4B-00C04F79EFBC}") = "TestNamedPipeServer", "TestNamedPipeServer\TestNamedPipeServer.csproj", "{08B75B16-63C4-435D-B63F-D4F7418AF92E}"
EndProject
Project("{D954291E-2A0B-460D-934E-DC6B0785DB48}") = "sCommunication", "sCommunication\sCommunication.shproj", "{8E7DA4DB-F95C-4876-89B9-DDCFA875A849}"
EndProject
Project("{2150E333-8FDC-42A3-9474-1A3956D46DE8}") = "기본 테스트", "기본 테스트", "{9FB0B220-B25B-4D21-899B-32B0EE303D6F}"
EndProject
Project("{2150E333-8FDC-42A3-9474-1A3956D46DE8}") = "커스텀 테스트", "커스텀 테스트", "{8B0575D0-57A5-4B60-9FF5-CB39029E2DDE}"
EndProject
Project("{FAE04EC0-301F-11D3-BF4B-00C04F79EFBC}") = "TestSocketClient", "TestSocketClient\TestSocketClient.csproj", "{55861586-B39D-4823-B46A-7BAFC6CE15EB}"
EndProject
Project("{FAE04EC0-301F-11D3-BF4B-00C04F79EFBC}") = "TestSocketServer", "TestSocketServer\TestSocketServer.csproj", "{AD765201-9DF2-432E-9317-7B0CF0710D13}"
EndProject
Project("{D954291E-2A0B-460D-934E-DC6B0785DB48}") = "sGISContainers", "sGISContainers\sGISContainers.shproj", "{395F7947-6C0F-47BC-B139-C86EE67FE738}"
EndProject
Project("{FAE04EC0-301F-11D3-BF4B-00C04F79EFBC}") = "TestGeoJsonReader", "TestGeoJsonReader\TestGeoJsonReader.csproj", "{5D55084D-CE57-4C5B-93DD-3DAE6572FD90}"
EndProject
Global
	GlobalSection(SharedMSBuildProjectFiles) = preSolution
		sCommunication\sCommunication.projitems*{08b75b16-63c4-435d-b63f-d4f7418af92e}*SharedItemsImports = 4
		sGISContainers\sGISContainers.projitems*{395f7947-6c0f-47bc-b139-c86ee67fe738}*SharedItemsImports = 13
		sCommunication\sCommunication.projitems*{55861586-b39d-4823-b46a-7bafc6ce15eb}*SharedItemsImports = 4
		sGISContainers\sGISContainers.projitems*{5d55084d-ce57-4c5b-93dd-3dae6572fd90}*SharedItemsImports = 4
		sControls\sControls.projitems*{8ae0246b-a5be-4e52-8aa9-baf085b677e8}*SharedItemsImports = 4
		sMessage\sMessage.projitems*{8ae0246b-a5be-4e52-8aa9-baf085b677e8}*SharedItemsImports = 4
		sCommunication\sCommunication.projitems*{8e7da4db-f95c-4876-89b9-ddcfa875a849}*SharedItemsImports = 13
		sControls\sControls.projitems*{a048563d-2f03-45bf-ae2c-8de63237d2b3}*SharedItemsImports = 13
		sCommunication\sCommunication.projitems*{ad765201-9df2-432e-9317-7b0cf0710d13}*SharedItemsImports = 4
		sMessage\sMessage.projitems*{dc3ef2bd-4cf3-4b80-bf6e-d1190e15e3e1}*SharedItemsImports = 13
		sCommunication\sCommunication.projitems*{ee5383c0-c31f-4857-9d9a-b5ecab9abdc6}*SharedItemsImports = 4
	EndGlobalSection
	GlobalSection(SolutionConfigurationPlatforms) = preSolution
		Debug|Any CPU = Debug|Any CPU
		Release|Any CPU = Release|Any CPU
	EndGlobalSection
	GlobalSection(ProjectConfigurationPlatforms) = postSolution
		{8AE0246B-A5BE-4E52-8AA9-BAF085B677E8}.Debug|Any CPU.ActiveCfg = Debug|Any CPU
		{8AE0246B-A5BE-4E52-8AA9-BAF085B677E8}.Debug|Any CPU.Build.0 = Debug|Any CPU
		{8AE0246B-A5BE-4E52-8AA9-BAF085B677E8}.Release|Any CPU.ActiveCfg = Release|Any CPU
		{8AE0246B-A5BE-4E52-8AA9-BAF085B677E8}.Release|Any CPU.Build.0 = Release|Any CPU
		{1C0404BF-63BB-4D91-A1C7-C0943BC17C47}.Debug|Any CPU.ActiveCfg = Debug|Any CPU
		{1C0404BF-63BB-4D91-A1C7-C0943BC17C47}.Debug|Any CPU.Build.0 = Debug|Any CPU
		{1C0404BF-63BB-4D91-A1C7-C0943BC17C47}.Release|Any CPU.ActiveCfg = Release|Any CPU
		{1C0404BF-63BB-4D91-A1C7-C0943BC17C47}.Release|Any CPU.Build.0 = Release|Any CPU
		{06709B97-24DC-42D7-A7C9-3B73FB8D3636}.Debug|Any CPU.ActiveCfg = Debug|Any CPU
		{06709B97-24DC-42D7-A7C9-3B73FB8D3636}.Debug|Any CPU.Build.0 = Debug|Any CPU
		{06709B97-24DC-42D7-A7C9-3B73FB8D3636}.Release|Any CPU.ActiveCfg = Release|Any CPU
		{06709B97-24DC-42D7-A7C9-3B73FB8D3636}.Release|Any CPU.Build.0 = Release|Any CPU
		{EE5383C0-C31F-4857-9D9A-B5ECAB9ABDC6}.Debug|Any CPU.ActiveCfg = Debug|Any CPU
		{EE5383C0-C31F-4857-9D9A-B5ECAB9ABDC6}.Debug|Any CPU.Build.0 = Debug|Any CPU
		{EE5383C0-C31F-4857-9D9A-B5ECAB9ABDC6}.Release|Any CPU.ActiveCfg = Release|Any CPU
		{EE5383C0-C31F-4857-9D9A-B5ECAB9ABDC6}.Release|Any CPU.Build.0 = Release|Any CPU
		{08B75B16-63C4-435D-B63F-D4F7418AF92E}.Debug|Any CPU.ActiveCfg = Debug|Any CPU
		{08B75B16-63C4-435D-B63F-D4F7418AF92E}.Debug|Any CPU.Build.0 = Debug|Any CPU
		{08B75B16-63C4-435D-B63F-D4F7418AF92E}.Release|Any CPU.ActiveCfg = Release|Any CPU
		{08B75B16-63C4-435D-B63F-D4F7418AF92E}.Release|Any CPU.Build.0 = Release|Any CPU
		{55861586-B39D-4823-B46A-7BAFC6CE15EB}.Debug|Any CPU.ActiveCfg = Debug|Any CPU
		{55861586-B39D-4823-B46A-7BAFC6CE15EB}.Debug|Any CPU.Build.0 = Debug|Any CPU
		{55861586-B39D-4823-B46A-7BAFC6CE15EB}.Release|Any CPU.ActiveCfg = Release|Any CPU
		{55861586-B39D-4823-B46A-7BAFC6CE15EB}.Release|Any CPU.Build.0 = Release|Any CPU
		{AD765201-9DF2-432E-9317-7B0CF0710D13}.Debug|Any CPU.ActiveCfg = Debug|Any CPU
		{AD765201-9DF2-432E-9317-7B0CF0710D13}.Debug|Any CPU.Build.0 = Debug|Any CPU
		{AD765201-9DF2-432E-9317-7B0CF0710D13}.Release|Any CPU.ActiveCfg = Release|Any CPU
		{AD765201-9DF2-432E-9317-7B0CF0710D13}.Release|Any CPU.Build.0 = Release|Any CPU
		{5D55084D-CE57-4C5B-93DD-3DAE6572FD90}.Debug|Any CPU.ActiveCfg = Debug|Any CPU
		{5D55084D-CE57-4C5B-93DD-3DAE6572FD90}.Debug|Any CPU.Build.0 = Debug|Any CPU
		{5D55084D-CE57-4C5B-93DD-3DAE6572FD90}.Release|Any CPU.ActiveCfg = Release|Any CPU
		{5D55084D-CE57-4C5B-93DD-3DAE6572FD90}.Release|Any CPU.Build.0 = Release|Any CPU
	EndGlobalSection
	GlobalSection(SolutionProperties) = preSolution
		HideSolutionNode = FALSE
	EndGlobalSection
	GlobalSection(NestedProjects) = preSolution
		{8AE0246B-A5BE-4E52-8AA9-BAF085B677E8} = {8B0575D0-57A5-4B60-9FF5-CB39029E2DDE}
		{DC3EF2BD-4CF3-4B80-BF6E-D1190E15E3E1} = {D9B466EA-6DAF-45DC-828A-8F4A8190495C}
		{1C0404BF-63BB-4D91-A1C7-C0943BC17C47} = {8B0575D0-57A5-4B60-9FF5-CB39029E2DDE}
		{06709B97-24DC-42D7-A7C9-3B73FB8D3636} = {9FB0B220-B25B-4D21-899B-32B0EE303D6F}
		{A048563D-2F03-45BF-AE2C-8DE63237D2B3} = {D9B466EA-6DAF-45DC-828A-8F4A8190495C}
		{95D9D516-1823-4DFE-BC31-3D31F1BA59D7} = {CC918628-F224-4EA8-B481-CED5361F4AE6}
		{9DDB2404-BC1C-4684-8CE7-85A1EBE06498} = {95D9D516-1823-4DFE-BC31-3D31F1BA59D7}
		{18F7BFB5-0E2F-4511-88CE-D5E4F8168D00} = {95D9D516-1823-4DFE-BC31-3D31F1BA59D7}
		{EE5383C0-C31F-4857-9D9A-B5ECAB9ABDC6} = {9DDB2404-BC1C-4684-8CE7-85A1EBE06498}
		{08B75B16-63C4-435D-B63F-D4F7418AF92E} = {9DDB2404-BC1C-4684-8CE7-85A1EBE06498}
		{8E7DA4DB-F95C-4876-89B9-DDCFA875A849} = {D9B466EA-6DAF-45DC-828A-8F4A8190495C}
		{9FB0B220-B25B-4D21-899B-32B0EE303D6F} = {CC918628-F224-4EA8-B481-CED5361F4AE6}
		{8B0575D0-57A5-4B60-9FF5-CB39029E2DDE} = {CC918628-F224-4EA8-B481-CED5361F4AE6}
		{55861586-B39D-4823-B46A-7BAFC6CE15EB} = {18F7BFB5-0E2F-4511-88CE-D5E4F8168D00}
		{AD765201-9DF2-432E-9317-7B0CF0710D13} = {18F7BFB5-0E2F-4511-88CE-D5E4F8168D00}
		{395F7947-6C0F-47BC-B139-C86EE67FE738} = {D9B466EA-6DAF-45DC-828A-8F4A8190495C}
		{5D55084D-CE57-4C5B-93DD-3DAE6572FD90} = {8B0575D0-57A5-4B60-9FF5-CB39029E2DDE}
	EndGlobalSection
	GlobalSection(ExtensibilityGlobals) = postSolution
		SolutionGuid = {B640788A-F3FA-4AE3-B16B-7F992D9D3AAD}
	EndGlobalSection
EndGlobal
