
Microsoft Visual Studio Solution File, Format Version 12.00
# Visual Studio Version 16
VisualStudioVersion = 16.0.32002.261
MinimumVisualStudioVersion = 10.0.40219.1
Project("{FAE04EC0-301F-11D3-BF4B-00C04F79EFBC}") = "SocketServerTest", "SocketServerTest\SocketServerTest.csproj", "{AD765201-9DF2-432E-9317-7B0CF0710D13}"
EndProject
Project("{FAE04EC0-301F-11D3-BF4B-00C04F79EFBC}") = "SocketClientTest", "SocketClientTest\SocketClientTest.csproj", "{55861586-B39D-4823-B46A-7BAFC6CE15EB}"
EndProject
Project("{D954291E-2A0B-460D-934E-DC6B0785DB48}") = "sSocketHelper", "sSocketHelper\sSocketHelper.shproj", "{C9643410-DCDD-4744-B289-B9639869DD3E}"
EndProject
Global
	GlobalSection(SharedMSBuildProjectFiles) = preSolution
		sSocketHelper\sSocketHelper.projitems*{55861586-b39d-4823-b46a-7bafc6ce15eb}*SharedItemsImports = 4
		sSocketHelper\sSocketHelper.projitems*{ad765201-9df2-432e-9317-7b0cf0710d13}*SharedItemsImports = 4
		sSocketHelper\sSocketHelper.projitems*{c9643410-dcdd-4744-b289-b9639869dd3e}*SharedItemsImports = 13
	EndGlobalSection
	GlobalSection(SolutionConfigurationPlatforms) = preSolution
		Debug|Any CPU = Debug|Any CPU
		Release|Any CPU = Release|Any CPU
	EndGlobalSection
	GlobalSection(ProjectConfigurationPlatforms) = postSolution
		{AD765201-9DF2-432E-9317-7B0CF0710D13}.Debug|Any CPU.ActiveCfg = Debug|Any CPU
		{AD765201-9DF2-432E-9317-7B0CF0710D13}.Debug|Any CPU.Build.0 = Debug|Any CPU
		{AD765201-9DF2-432E-9317-7B0CF0710D13}.Release|Any CPU.ActiveCfg = Release|Any CPU
		{AD765201-9DF2-432E-9317-7B0CF0710D13}.Release|Any CPU.Build.0 = Release|Any CPU
		{55861586-B39D-4823-B46A-7BAFC6CE15EB}.Debug|Any CPU.ActiveCfg = Debug|Any CPU
		{55861586-B39D-4823-B46A-7BAFC6CE15EB}.Debug|Any CPU.Build.0 = Debug|Any CPU
		{55861586-B39D-4823-B46A-7BAFC6CE15EB}.Release|Any CPU.ActiveCfg = Release|Any CPU
		{55861586-B39D-4823-B46A-7BAFC6CE15EB}.Release|Any CPU.Build.0 = Release|Any CPU
	EndGlobalSection
	GlobalSection(SolutionProperties) = preSolution
		HideSolutionNode = FALSE
	EndGlobalSection
	GlobalSection(ExtensibilityGlobals) = postSolution
		SolutionGuid = {A9267519-05A5-4BCF-91C0-AEB8ACDF344A}
	EndGlobalSection
EndGlobal
